<?xml version="1.0" encoding="utf-8"?>
<Project ToolsVersion="4.0" xmlns="http://schemas.microsoft.com/developer/msbuild/2003">
  <ItemGroup>
    <Filter Include="Base">
      <UniqueIdentifier>{9a2bf632-4d37-407d-b022-9429feecb67c}</UniqueIdentifier>
    </Filter>
    <Filter Include="Components">
      <UniqueIdentifier>{3402e0d0-f4f4-4389-9f49-a4055e57d448}</UniqueIdentifier>
    </Filter>
    <Filter Include="imgui">
      <UniqueIdentifier>{b3b4e3fa-b8e7-4da6-a4e7-8db23c8e7399}</UniqueIdentifier>
    </Filter>
    <Filter Include="Managers">
      <UniqueIdentifier>{e982279b-fa55-4db3-b618-9c2bd15871cd}</UniqueIdentifier>
    </Filter>
    <Filter Include="Observers">
      <UniqueIdentifier>{d645b1c5-301b-4891-978a-d4f5aa7a172f}</UniqueIdentifier>
    </Filter>
    <Filter Include="Rendering">
      <UniqueIdentifier>{0fe6aa5f-1a96-4194-a580-c9fc24be3fd8}</UniqueIdentifier>
    </Filter>
    <Filter Include="State">
      <UniqueIdentifier>{95b56b6a-7f95-4312-be6d-7421267bb049}</UniqueIdentifier>
    </Filter>
    <Filter Include="Sound">
      <UniqueIdentifier>{160fbd26-60bd-44c6-b471-406f372e98a2}</UniqueIdentifier>
    </Filter>
    <Filter Include="Prefabs">
      <UniqueIdentifier>{d6f9c765-012c-4870-b324-7d94db18c2b5}</UniqueIdentifier>
    </Filter>
    <Filter Include="rapidjson">
      <UniqueIdentifier>{ee39c17a-27bb-49ae-9df6-f53a37f6aeeb}</UniqueIdentifier>
    </Filter>
    <Filter Include="GameObjects">
      <UniqueIdentifier>{924cf001-f587-4bf8-b076-25edeae1b37d}</UniqueIdentifier>
    </Filter>
  </ItemGroup>
  <ItemGroup>
    <ClInclude Include="Component.h">
      <Filter>Components</Filter>
    </ClInclude>
    <ClInclude Include="RendererComponent.h">
      <Filter>Components</Filter>
    </ClInclude>
    <ClInclude Include="TextRendererComponent.h">
      <Filter>Components</Filter>
    </ClInclude>
    <ClInclude Include="TransformComponent.h">
      <Filter>Components</Filter>
    </ClInclude>
    <ClInclude Include="InputManager.h">
      <Filter>Managers</Filter>
    </ClInclude>
    <ClInclude Include="ResourceManager.h">
      <Filter>Managers</Filter>
    </ClInclude>
    <ClInclude Include="SceneManager.h">
      <Filter>Managers</Filter>
    </ClInclude>
    <ClInclude Include="Observer.h">
      <Filter>Observers</Filter>
    </ClInclude>
    <ClInclude Include="NapoleonEngine.h">
      <Filter>Base</Filter>
    </ClInclude>
    <ClInclude Include="Font.h">
      <Filter>Rendering</Filter>
    </ClInclude>
    <ClInclude Include="Renderer.h">
      <Filter>Rendering</Filter>
    </ClInclude>
    <ClInclude Include="Texture2D.h">
      <Filter>Rendering</Filter>
    </ClInclude>
    <ClInclude Include="State.h">
      <Filter>State</Filter>
    </ClInclude>
    <ClInclude Include="..\3rdParty\imgui\imconfig.h">
      <Filter>imgui</Filter>
    </ClInclude>
    <ClInclude Include="..\3rdParty\imgui\imgui.h">
      <Filter>imgui</Filter>
    </ClInclude>
    <ClInclude Include="..\3rdParty\imgui\imgui_internal.h">
      <Filter>imgui</Filter>
    </ClInclude>
    <ClInclude Include="..\3rdParty\imgui\imstb_rectpack.h">
      <Filter>imgui</Filter>
    </ClInclude>
    <ClInclude Include="..\3rdParty\imgui\imstb_textedit.h">
      <Filter>imgui</Filter>
    </ClInclude>
    <ClInclude Include="..\3rdParty\imgui\imstb_truetype.h">
      <Filter>imgui</Filter>
    </ClInclude>
    <ClInclude Include="..\3rdParty\imgui\backends\imgui_impl_opengl2.h">
      <Filter>imgui</Filter>
    </ClInclude>
    <ClInclude Include="..\3rdParty\imgui\backends\imgui_impl_sdl.h">
      <Filter>imgui</Filter>
    </ClInclude>
    <ClInclude Include="Command.h" />
    <ClInclude Include="Scene.h" />
    <ClInclude Include="Singleton.h" />
    <ClInclude Include="FrameBuffer.h">
      <Filter>Rendering</Filter>
    </ClInclude>
    <ClInclude Include="SoundServiceLocator.h" />
    <ClInclude Include="SoundInterface.h">
      <Filter>Sound</Filter>
    </ClInclude>
    <ClInclude Include="SoundEffect.h">
      <Filter>Sound</Filter>
    </ClInclude>
    <ClInclude Include="LoggingSoundSystem.h">
      <Filter>Sound</Filter>
    </ClInclude>
    <ClInclude Include="SoundSystem.h">
      <Filter>Sound</Filter>
    </ClInclude>
    <ClInclude Include="GameObject.h">
      <Filter>GameObjects</Filter>
    </ClInclude>
    <ClInclude Include="PCH.h">
      <Filter>Base</Filter>
    </ClInclude>
    <ClInclude Include="ObserverManager.h">
      <Filter>Managers</Filter>
    </ClInclude>
    <ClInclude Include="SceneRenderer.h">
      <Filter>Rendering</Filter>
    </ClInclude>
    <ClInclude Include="PrefabsManager.h">
      <Filter>Prefabs</Filter>
    </ClInclude>
    <ClInclude Include="Debugger.h" />
    <ClInclude Include="FPSCounter.h">
      <Filter>Components</Filter>
    </ClInclude>
    <ClInclude Include="Shapes.h" />
    <ClInclude Include="ColliderComponent.h">
      <Filter>Components</Filter>
    </ClInclude>
    <ClInclude Include="BoxCollider.h">
      <Filter>Components</Filter>
    </ClInclude>
    <ClInclude Include="CircleCollider.h">
      <Filter>Components</Filter>
    </ClInclude>
    <ClInclude Include="ButtonComponent.h">
      <Filter>Components</Filter>
    </ClInclude>
    <ClInclude Include="Timer.h">
      <Filter>Base</Filter>
    </ClInclude>
    <ClInclude Include="allocators.h">
      <Filter>rapidjson</Filter>
    </ClInclude>
    <ClInclude Include="cursorstreamwrapper.h">
      <Filter>rapidjson</Filter>
    </ClInclude>
    <ClInclude Include="document.h">
      <Filter>rapidjson</Filter>
    </ClInclude>
    <ClInclude Include="encodedstream.h">
      <Filter>rapidjson</Filter>
    </ClInclude>
    <ClInclude Include="encodings.h">
      <Filter>rapidjson</Filter>
    </ClInclude>
    <ClInclude Include="filereadstream.h">
      <Filter>rapidjson</Filter>
    </ClInclude>
    <ClInclude Include="filewritestream.h">
      <Filter>rapidjson</Filter>
    </ClInclude>
    <ClInclude Include="fwd.h">
      <Filter>rapidjson</Filter>
    </ClInclude>
    <ClInclude Include="istreamwrapper.h">
      <Filter>rapidjson</Filter>
    </ClInclude>
    <ClInclude Include="memorybuffer.h">
      <Filter>rapidjson</Filter>
    </ClInclude>
    <ClInclude Include="memorystream.h">
      <Filter>rapidjson</Filter>
    </ClInclude>
    <ClInclude Include="ostreamwrapper.h">
      <Filter>rapidjson</Filter>
    </ClInclude>
    <ClInclude Include="pointer.h">
      <Filter>rapidjson</Filter>
    </ClInclude>
    <ClInclude Include="prettywriter.h">
      <Filter>rapidjson</Filter>
    </ClInclude>
    <ClInclude Include="rapidjson.h">
      <Filter>rapidjson</Filter>
    </ClInclude>
    <ClInclude Include="reader.h">
      <Filter>rapidjson</Filter>
    </ClInclude>
    <ClInclude Include="schema.h">
      <Filter>rapidjson</Filter>
    </ClInclude>
    <ClInclude Include="stream.h">
      <Filter>rapidjson</Filter>
    </ClInclude>
    <ClInclude Include="stringbuffer.h">
      <Filter>rapidjson</Filter>
    </ClInclude>
    <ClInclude Include="targetver.h">
      <Filter>rapidjson</Filter>
    </ClInclude>
    <ClInclude Include="writer.h">
      <Filter>rapidjson</Filter>
    </ClInclude>
    <ClInclude Include="JsonReaderWriter.h" />
    <ClInclude Include="ShapeRenderer.h">
      <Filter>Components</Filter>
    </ClInclude>
    <ClInclude Include="Subject.h">
      <Filter>Observers</Filter>
    </ClInclude>
  </ItemGroup>
  <ItemGroup>
    <ClCompile Include="Component.cpp">
      <Filter>Components</Filter>
    </ClCompile>
    <ClCompile Include="RendererComponent.cpp">
      <Filter>Components</Filter>
    </ClCompile>
    <ClCompile Include="TextRendererComponent.cpp">
      <Filter>Components</Filter>
    </ClCompile>
    <ClCompile Include="TransformComponent.cpp">
      <Filter>Components</Filter>
    </ClCompile>
    <ClCompile Include="InputManager.cpp">
      <Filter>Managers</Filter>
    </ClCompile>
    <ClCompile Include="ResourceManager.cpp">
      <Filter>Managers</Filter>
    </ClCompile>
    <ClCompile Include="SceneManager.cpp">
      <Filter>Managers</Filter>
    </ClCompile>
    <ClCompile Include="Observer.cpp">
      <Filter>Observers</Filter>
    </ClCompile>
    <ClCompile Include="NapoleonEngine.cpp">
      <Filter>Base</Filter>
    </ClCompile>
    <ClCompile Include="PCH.cpp">
      <Filter>Base</Filter>
    </ClCompile>
    <ClCompile Include="Font.cpp">
      <Filter>Rendering</Filter>
    </ClCompile>
    <ClCompile Include="Renderer.cpp">
      <Filter>Rendering</Filter>
    </ClCompile>
    <ClCompile Include="Texture2D.cpp">
      <Filter>Rendering</Filter>
    </ClCompile>
    <ClCompile Include="State.cpp">
      <Filter>State</Filter>
    </ClCompile>
    <ClCompile Include="..\3rdParty\imgui\imgui.cpp">
      <Filter>imgui</Filter>
    </ClCompile>
    <ClCompile Include="..\3rdParty\imgui\imgui_demo.cpp">
      <Filter>imgui</Filter>
    </ClCompile>
    <ClCompile Include="..\3rdParty\imgui\imgui_draw.cpp">
      <Filter>imgui</Filter>
    </ClCompile>
    <ClCompile Include="..\3rdParty\imgui\imgui_tables.cpp">
      <Filter>imgui</Filter>
    </ClCompile>
    <ClCompile Include="..\3rdParty\imgui\imgui_widgets.cpp">
      <Filter>imgui</Filter>
    </ClCompile>
    <ClCompile Include="..\3rdParty\imgui\backends\imgui_impl_opengl2.cpp">
      <Filter>imgui</Filter>
    </ClCompile>
    <ClCompile Include="..\3rdParty\imgui\backends\imgui_impl_sdl.cpp">
      <Filter>imgui</Filter>
    </ClCompile>
    <ClCompile Include="Scene.cpp" />
    <ClCompile Include="FrameBuffer.cpp">
      <Filter>Rendering</Filter>
    </ClCompile>
    <ClCompile Include="SoundEffect.cpp">
      <Filter>Sound</Filter>
    </ClCompile>
    <ClCompile Include="LoggingSoundSystem.cpp">
      <Filter>Sound</Filter>
    </ClCompile>
    <ClCompile Include="SoundSystem.cpp">
      <Filter>Sound</Filter>
    </ClCompile>
    <ClCompile Include="GameObject.cpp">
      <Filter>GameObjects</Filter>
    </ClCompile>
    <ClCompile Include="SoundServiceLocator.cpp" />
    <ClCompile Include="ObserverManager.cpp">
      <Filter>Managers</Filter>
    </ClCompile>
    <ClCompile Include="SceneRenderer.cpp">
      <Filter>Rendering</Filter>
    </ClCompile>
    <ClCompile Include="PrefabsManager.cpp">
      <Filter>Prefabs</Filter>
    </ClCompile>
    <ClCompile Include="Debugger.cpp" />
    <ClCompile Include="FPSCounter.cpp">
      <Filter>Components</Filter>
    </ClCompile>
    <ClCompile Include="Shapes.cpp" />
    <ClCompile Include="ColliderComponent.cpp">
      <Filter>Components</Filter>
    </ClCompile>
    <ClCompile Include="BoxCollider.cpp">
      <Filter>Components</Filter>
    </ClCompile>
    <ClCompile Include="CircleCollider.cpp">
      <Filter>Components</Filter>
    </ClCompile>
    <ClCompile Include="ButtonComponent.cpp">
      <Filter>Components</Filter>
    </ClCompile>
    <ClCompile Include="Timer.cpp">
      <Filter>Base</Filter>
    </ClCompile>
    <ClCompile Include="JsonReaderWriter.cpp" />
    <ClCompile Include="ShapeRenderer.cpp">
      <Filter>Components</Filter>
    </ClCompile>
    <ClCompile Include="Command.cpp" />
    <ClCompile Include="Subject.cpp">
      <Filter>Observers</Filter>
    </ClCompile>
  </ItemGroup>
</Project>