<?xml version="1.0" encoding="utf-8"?>
<Project ToolsVersion="4.0" xmlns="http://schemas.microsoft.com/developer/msbuild/2003">
  <ItemGroup>
    <ClCompile Include="MainGame.cpp" />
    <ClCompile Include="Main.cpp" />
    <ClCompile Include="MoveCommand.cpp">
      <Filter>Commands</Filter>
    </ClCompile>
    <ClCompile Include="QBertScene.cpp">
      <Filter>Scenes</Filter>
    </ClCompile>
    <ClCompile Include="Character.cpp">
      <Filter>GameScripts\Characters</Filter>
    </ClCompile>
    <ClCompile Include="Enemy.cpp">
      <Filter>GameScripts\Characters</Filter>
    </ClCompile>
    <ClCompile Include="Coily.cpp">
      <Filter>GameScripts\Characters</Filter>
    </ClCompile>
    <ClCompile Include="SlickSam.cpp">
      <Filter>GameScripts\Characters</Filter>
    </ClCompile>
    <ClCompile Include="WrongWay.cpp">
      <Filter>GameScripts\Characters</Filter>
    </ClCompile>
    <ClCompile Include="MainMenuScene.cpp">
      <Filter>Scenes</Filter>
    </ClCompile>
    <ClCompile Include="CoopScene.cpp">
      <Filter>Scenes</Filter>
    </ClCompile>
    <ClCompile Include="SoloScene.cpp">
      <Filter>Scenes</Filter>
    </ClCompile>
    <ClCompile Include="PauseGameCommand.cpp">
      <Filter>Commands</Filter>
    </ClCompile>
    <ClCompile Include="VersusScene.cpp">
      <Filter>Scenes</Filter>
    </ClCompile>
    <ClCompile Include="EnemyCharacterController.cpp">
      <Filter>GameScripts\AIControllers</Filter>
    </ClCompile>
    <ClCompile Include="CoilyCharacterController.cpp">
      <Filter>GameScripts\AIControllers</Filter>
    </ClCompile>
    <ClCompile Include="SwitchTextColor.cpp">
      <Filter>Commands</Filter>
    </ClCompile>
    <ClCompile Include="SwitchScene.cpp">
      <Filter>Commands</Filter>
    </ClCompile>
    <ClCompile Include="QuitGameCommand.cpp">
      <Filter>Commands</Filter>
    </ClCompile>
    <ClCompile Include="ReloadSceneCommand.cpp">
      <Filter>Commands</Filter>
    </ClCompile>
    <ClCompile Include="SlickSamManager.cpp">
      <Filter>GameScripts\Systems\Managers\EnemyManagers</Filter>
    </ClCompile>
    <ClCompile Include="WrongWayManager.cpp">
      <Filter>GameScripts\Systems\Managers\EnemyManagers</Filter>
    </ClCompile>
    <ClCompile Include="CoilyManager.cpp">
      <Filter>GameScripts\Systems\Managers\EnemyManagers</Filter>
    </ClCompile>
    <ClCompile Include="CharacterState.cpp">
      <Filter>GameScripts\Characters\States</Filter>
    </ClCompile>
    <ClCompile Include="OnQubeState.cpp">
      <Filter>GameScripts\Characters\States</Filter>
    </ClCompile>
    <ClCompile Include="JumpingState.cpp">
      <Filter>GameScripts\Characters\States</Filter>
    </ClCompile>
    <ClCompile Include="FallingState.cpp">
      <Filter>GameScripts\Characters\States</Filter>
    </ClCompile>
    <ClCompile Include="EnemyOnQubeState.cpp">
      <Filter>GameScripts\Characters\States</Filter>
    </ClCompile>
    <ClCompile Include="CoilyOnQubeState.cpp">
      <Filter>GameScripts\Characters\States</Filter>
    </ClCompile>
    <ClCompile Include="UIManagerSystem.cpp">
      <Filter>GameScripts\Systems\Managers</Filter>
    </ClCompile>
    <ClCompile Include="GameManagerSystem.cpp">
      <Filter>GameScripts\Systems\Managers</Filter>
    </ClCompile>
    <ClCompile Include="VersusGameManager.cpp">
      <Filter>GameScripts\Systems\Managers</Filter>
    </ClCompile>
    <ClCompile Include="CharacterControllerSystem.cpp">
      <Filter>GameScripts\Systems</Filter>
    </ClCompile>
    <ClCompile Include="CharacterMovementSystem.cpp">
      <Filter>GameScripts\Systems</Filter>
    </ClCompile>
    <ClCompile Include="MovementComponent.cpp">
      <Filter>GameScripts\Components</Filter>
    </ClCompile>
    <ClCompile Include="JumpComponent.cpp">
      <Filter>GameScripts\Components</Filter>
    </ClCompile>
    <ClCompile Include="JumperSystem.cpp">
      <Filter>GameScripts\Systems</Filter>
    </ClCompile>
    <ClCompile Include="QBertSystem.cpp">
      <Filter>GameScripts\Systems</Filter>
    </ClCompile>
    <ClCompile Include="UiManagerComponent.cpp">
      <Filter>GameScripts\Components</Filter>
    </ClCompile>
    <ClCompile Include="EnemySpawnerComponent.cpp">
      <Filter>GameScripts\Components\Characters\Enemies</Filter>
    </ClCompile>
    <ClCompile Include="CharacterControllerComponent.cpp">
      <Filter>GameScripts\Components\Characters</Filter>
    </ClCompile>
    <ClCompile Include="QbertComponent.cpp">
      <Filter>GameScripts\Components\Characters</Filter>
    </ClCompile>
    <ClCompile Include="AiControllerComponent.cpp">
      <Filter>GameScripts\Components\Characters\Enemies</Filter>
    </ClCompile>
    <ClCompile Include="CoilyComponent.cpp">
      <Filter>GameScripts\Components\Characters\Enemies</Filter>
    </ClCompile>
    <ClCompile Include="PyramidSystem.cpp">
      <Filter>GameScripts\Systems\Environment</Filter>
    </ClCompile>
    <ClCompile Include="QubeSystem.cpp">
      <Filter>GameScripts\Systems\Environment</Filter>
    </ClCompile>
    <ClCompile Include="DiskSystem.cpp">
      <Filter>GameScripts\Systems\Environment</Filter>
    </ClCompile>
    <ClCompile Include="QubeComponent.cpp">
      <Filter>GameScripts\Components\Environment</Filter>
    </ClCompile>
    <ClCompile Include="PyramidComponent.cpp">
      <Filter>GameScripts\Components\Environment</Filter>
    </ClCompile>
    <ClCompile Include="DiskComponent.cpp">
      <Filter>GameScripts\Components\Environment</Filter>
    </ClCompile>
    <ClCompile Include="LivesSystem.cpp">
      <Filter>GameScripts\Systems</Filter>
    </ClCompile>
    <ClCompile Include="AiControllerSystem.cpp">
      <Filter>GameScripts\Systems\Enemies</Filter>
    </ClCompile>
    <ClCompile Include="CoilySystem.cpp">
      <Filter>GameScripts\Systems\Enemies</Filter>
    </ClCompile>
    <ClCompile Include="EnemySpawnerSystem.cpp">
      <Filter>GameScripts\Systems\Enemies</Filter>
    </ClCompile>
    <ClCompile Include="CharacterLives.cpp">
      <Filter>GameScripts\Components</Filter>
    </ClCompile>
    <ClCompile Include="CharacterPoint.cpp">
      <Filter>GameScripts\Components</Filter>
    </ClCompile>
  </ItemGroup>
  <ItemGroup>
    <ClInclude Include="MainGame.h" />
    <ClInclude Include="MoveCommand.h">
      <Filter>Commands</Filter>
    </ClInclude>
    <ClInclude Include="QBertScene.h">
      <Filter>Scenes</Filter>
    </ClInclude>
    <ClInclude Include="Character.h">
      <Filter>GameScripts\Characters</Filter>
    </ClInclude>
    <ClInclude Include="Enemy.h">
      <Filter>GameScripts\Characters</Filter>
    </ClInclude>
    <ClInclude Include="Coily.h">
      <Filter>GameScripts\Characters</Filter>
    </ClInclude>
    <ClInclude Include="SlickSam.h">
      <Filter>GameScripts\Characters</Filter>
    </ClInclude>
    <ClInclude Include="WrongWay.h">
      <Filter>GameScripts\Characters</Filter>
    </ClInclude>
    <ClInclude Include="MainMenuScene.h">
      <Filter>Scenes</Filter>
    </ClInclude>
    <ClInclude Include="CoopScene.h">
      <Filter>Scenes</Filter>
    </ClInclude>
    <ClInclude Include="SoloScene.h">
      <Filter>Scenes</Filter>
    </ClInclude>
    <ClInclude Include="PauseGameCommand.h">
      <Filter>Commands</Filter>
    </ClInclude>
    <ClInclude Include="VersusScene.h">
      <Filter>Scenes</Filter>
    </ClInclude>
    <ClInclude Include="EnemyCharacterController.h">
      <Filter>GameScripts\AIControllers</Filter>
    </ClInclude>
    <ClInclude Include="CoilyCharacterController.h">
      <Filter>GameScripts\AIControllers</Filter>
    </ClInclude>
    <ClInclude Include="SwitchTextColor.h">
      <Filter>Commands</Filter>
    </ClInclude>
    <ClInclude Include="SwitchScene.h">
      <Filter>Commands</Filter>
    </ClInclude>
    <ClInclude Include="QuitGameCommand.h">
      <Filter>Commands</Filter>
    </ClInclude>
    <ClInclude Include="ReloadSceneCommand.h">
      <Filter>Commands</Filter>
    </ClInclude>
    <ClInclude Include="SlickSamManager.h">
      <Filter>GameScripts\Systems\Managers\EnemyManagers</Filter>
    </ClInclude>
    <ClInclude Include="WrongWayManager.h">
      <Filter>GameScripts\Systems\Managers\EnemyManagers</Filter>
    </ClInclude>
    <ClInclude Include="CoilyManager.h">
      <Filter>GameScripts\Systems\Managers\EnemyManagers</Filter>
    </ClInclude>
    <ClInclude Include="CharacterState.h">
      <Filter>GameScripts\Characters\States</Filter>
    </ClInclude>
    <ClInclude Include="OnQubeState.h">
      <Filter>GameScripts\Characters\States</Filter>
    </ClInclude>
    <ClInclude Include="JumpingState.h">
      <Filter>GameScripts\Characters\States</Filter>
    </ClInclude>
    <ClInclude Include="FallingState.h">
      <Filter>GameScripts\Characters\States</Filter>
    </ClInclude>
    <ClInclude Include="EnemyOnQubeState.h">
      <Filter>GameScripts\Characters\States</Filter>
    </ClInclude>
    <ClInclude Include="CoilyOnQubeState.h">
      <Filter>GameScripts\Characters\States</Filter>
    </ClInclude>
    <ClInclude Include="UIManagerSystem.h">
      <Filter>GameScripts\Systems\Managers</Filter>
    </ClInclude>
    <ClInclude Include="GameManagerSystem.h">
      <Filter>GameScripts\Systems\Managers</Filter>
    </ClInclude>
    <ClInclude Include="VersusGameManager.h">
      <Filter>GameScripts\Systems\Managers</Filter>
    </ClInclude>
    <ClInclude Include="CharacterControllerSystem.h">
      <Filter>GameScripts\Systems</Filter>
    </ClInclude>
    <ClInclude Include="CharacterMovementSystem.h">
      <Filter>GameScripts\Systems</Filter>
    </ClInclude>
    <ClInclude Include="MovementComponent.h">
      <Filter>GameScripts\Components</Filter>
    </ClInclude>
    <ClInclude Include="JumpComponent.h">
      <Filter>GameScripts\Components</Filter>
    </ClInclude>
    <ClInclude Include="JumperSystem.h">
      <Filter>GameScripts\Systems</Filter>
    </ClInclude>
    <ClInclude Include="QBertSystem.h">
      <Filter>GameScripts\Systems</Filter>
    </ClInclude>
    <ClInclude Include="UiManagerComponent.h">
      <Filter>GameScripts\Components</Filter>
    </ClInclude>
    <ClInclude Include="EnemySpawnerComponent.h">
      <Filter>GameScripts\Components\Characters\Enemies</Filter>
    </ClInclude>
    <ClInclude Include="CharacterControllerComponent.h">
      <Filter>GameScripts\Components\Characters</Filter>
    </ClInclude>
    <ClInclude Include="QbertComponent.h">
      <Filter>GameScripts\Components\Characters</Filter>
    </ClInclude>
    <ClInclude Include="AiControllerComponent.h">
      <Filter>GameScripts\Components\Characters\Enemies</Filter>
    </ClInclude>
    <ClInclude Include="CoilyComponent.h">
      <Filter>GameScripts\Components\Characters\Enemies</Filter>
    </ClInclude>
    <ClInclude Include="PyramidSystem.h">
      <Filter>GameScripts\Systems\Environment</Filter>
    </ClInclude>
    <ClInclude Include="QubeSystem.h">
      <Filter>GameScripts\Systems\Environment</Filter>
    </ClInclude>
    <ClInclude Include="DiskSystem.h">
      <Filter>GameScripts\Systems\Environment</Filter>
    </ClInclude>
    <ClInclude Include="QubeComponent.h">
      <Filter>GameScripts\Components\Environment</Filter>
    </ClInclude>
    <ClInclude Include="PyramidComponent.h">
      <Filter>GameScripts\Components\Environment</Filter>
    </ClInclude>
    <ClInclude Include="DiskComponent.h">
      <Filter>GameScripts\Components\Environment</Filter>
    </ClInclude>
    <ClInclude Include="LivesSystem.h">
      <Filter>GameScripts\Systems</Filter>
    </ClInclude>
    <ClInclude Include="AiControllerSystem.h">
      <Filter>GameScripts\Systems\Enemies</Filter>
    </ClInclude>
    <ClInclude Include="CoilySystem.h">
      <Filter>GameScripts\Systems\Enemies</Filter>
    </ClInclude>
    <ClInclude Include="EnemySpawnerSystem.h">
      <Filter>GameScripts\Systems\Enemies</Filter>
    </ClInclude>
    <ClInclude Include="CharacterPoint.h">
      <Filter>GameScripts\Components</Filter>
    </ClInclude>
    <ClInclude Include="CharacterLives.h">
      <Filter>GameScripts\Components</Filter>
    </ClInclude>
  </ItemGroup>
  <ItemGroup>
    <None Include="imgui.ini" />
  </ItemGroup>
  <ItemGroup>
    <Filter Include="Scenes">
      <UniqueIdentifier>{9a549e60-3b03-4304-a10a-d5afc2e70f76}</UniqueIdentifier>
    </Filter>
    <Filter Include="Commands">
      <UniqueIdentifier>{b951194b-7545-4512-81cc-fb1b0d4f0a95}</UniqueIdentifier>
    </Filter>
    <Filter Include="GameScripts">
      <UniqueIdentifier>{7e07bb5e-141e-4c21-9ce5-8eaa303c8c65}</UniqueIdentifier>
    </Filter>
    <Filter Include="GameScripts\Characters">
      <UniqueIdentifier>{3cf96f01-a495-4865-aab3-854843a64230}</UniqueIdentifier>
    </Filter>
    <Filter Include="GameScripts\AIControllers">
      <UniqueIdentifier>{cc14cbc8-d8c9-46ed-b121-99cb91d9b2f5}</UniqueIdentifier>
    </Filter>
    <Filter Include="GameScripts\Characters\States">
      <UniqueIdentifier>{3c0620e3-e2f0-45bb-bc9a-fa52b160d00e}</UniqueIdentifier>
    </Filter>
    <Filter Include="GameScripts\Components">
      <UniqueIdentifier>{c4cf47e3-cbeb-4834-93da-dcf393c74f40}</UniqueIdentifier>
    </Filter>
    <Filter Include="GameScripts\Systems">
      <UniqueIdentifier>{40c92dc8-2fb3-4dc1-b44c-d342f19fc9b1}</UniqueIdentifier>
    </Filter>
    <Filter Include="GameScripts\Systems\Managers">
      <UniqueIdentifier>{ce08548e-336f-44fa-b4b3-7942baf66b4f}</UniqueIdentifier>
    </Filter>
    <Filter Include="GameScripts\Systems\Managers\EnemyManagers">
      <UniqueIdentifier>{2f48b83b-58f0-41b8-a67e-e822cfac4770}</UniqueIdentifier>
    </Filter>
    <Filter Include="GameScripts\Components\Characters">
      <UniqueIdentifier>{d4ca26f8-6bae-44e4-8a80-121d8c449db3}</UniqueIdentifier>
    </Filter>
    <Filter Include="GameScripts\Components\Characters\Enemies">
      <UniqueIdentifier>{ba9c93e8-a04d-4582-ab82-17fa60766f4f}</UniqueIdentifier>
    </Filter>
    <Filter Include="GameScripts\Systems\Environment">
      <UniqueIdentifier>{98fdc2e7-e83e-40a9-8ee7-f00fe7255068}</UniqueIdentifier>
    </Filter>
    <Filter Include="GameScripts\Components\Environment">
      <UniqueIdentifier>{ee670440-7694-4985-aaae-dc5e6dd3ccc1}</UniqueIdentifier>
    </Filter>
    <Filter Include="GameScripts\Systems\Enemies">
      <UniqueIdentifier>{51b3806b-0107-4060-a176-9c5da6e2be04}</UniqueIdentifier>
    </Filter>
  </ItemGroup>
</Project>