<?xml version="1.0" encoding="utf-8"?>
<Project ToolsVersion="4.0" xmlns="http://schemas.microsoft.com/developer/msbuild/2003">
  <ItemGroup>
    <ClCompile Include="MainGame.cpp" />
    <ClCompile Include="Main.cpp" />
    <ClCompile Include="MoveCommand.cpp">
      <Filter>Commands</Filter>
    </ClCompile>
    <ClCompile Include="QBertScene.cpp">
      <Filter>Scenes</Filter>
    </ClCompile>
    <ClCompile Include="QubeObserver.cpp">
      <Filter>Observers</Filter>
    </ClCompile>
    <ClCompile Include="ColoredDisk.cpp">
      <Filter>GameScripts\Environment</Filter>
    </ClCompile>
    <ClCompile Include="Pyramid.cpp">
      <Filter>GameScripts\Environment</Filter>
    </ClCompile>
    <ClCompile Include="Qube.cpp">
      <Filter>GameScripts\Environment</Filter>
    </ClCompile>
    <ClCompile Include="QBert.cpp">
      <Filter>GameScripts\Characters</Filter>
    </ClCompile>
    <ClCompile Include="Character.cpp">
      <Filter>GameScripts\Characters</Filter>
    </ClCompile>
    <ClCompile Include="Enemy.cpp">
      <Filter>GameScripts\Characters</Filter>
    </ClCompile>
    <ClCompile Include="Coily.cpp">
      <Filter>GameScripts\Characters</Filter>
    </ClCompile>
    <ClCompile Include="SlickSam.cpp">
      <Filter>GameScripts\Characters</Filter>
    </ClCompile>
    <ClCompile Include="Jumper.cpp">
      <Filter>GameScripts</Filter>
    </ClCompile>
    <ClCompile Include="EnemyManager.cpp">
      <Filter>GameScripts</Filter>
    </ClCompile>
    <ClCompile Include="WrongWay.cpp">
      <Filter>GameScripts\Characters</Filter>
    </ClCompile>
    <ClCompile Include="TestScene.cpp">
      <Filter>Scenes</Filter>
    </ClCompile>
    <ClCompile Include="WrongWayJumper.cpp">
      <Filter>GameScripts</Filter>
    </ClCompile>
    <ClCompile Include="MainMenuScene.cpp">
      <Filter>Scenes</Filter>
    </ClCompile>
    <ClCompile Include="CoopScene.cpp">
      <Filter>Scenes</Filter>
    </ClCompile>
    <ClCompile Include="SoloScene.cpp">
      <Filter>Scenes</Filter>
    </ClCompile>
    <ClCompile Include="GameManager.cpp">
      <Filter>Observers</Filter>
    </ClCompile>
    <ClCompile Include="PauseGameCommand.cpp">
      <Filter>Commands</Filter>
    </ClCompile>
    <ClCompile Include="VersusScene.cpp">
      <Filter>Scenes</Filter>
    </ClCompile>
    <ClCompile Include="EnemyCharacterController.cpp">
      <Filter>GameScripts\AIControllers</Filter>
    </ClCompile>
    <ClCompile Include="CoilyCharacterController.cpp">
      <Filter>GameScripts\AIControllers</Filter>
    </ClCompile>
    <ClCompile Include="VersusGameManager.cpp">
      <Filter>Observers</Filter>
    </ClCompile>
    <ClCompile Include="CharacterLives.cpp">
      <Filter>GameScripts</Filter>
    </ClCompile>
    <ClCompile Include="CharacterPoint.cpp">
      <Filter>GameScripts</Filter>
    </ClCompile>
    <ClCompile Include="CharacterInputManager.cpp">
      <Filter>GameScripts</Filter>
    </ClCompile>
  </ItemGroup>
  <ItemGroup>
    <ClInclude Include="MainGame.h" />
    <ClInclude Include="MoveCommand.h">
      <Filter>Commands</Filter>
    </ClInclude>
    <ClInclude Include="QBertScene.h">
      <Filter>Scenes</Filter>
    </ClInclude>
    <ClInclude Include="QubeObserver.h">
      <Filter>Observers</Filter>
    </ClInclude>
    <ClInclude Include="ColoredDisk.h">
      <Filter>GameScripts\Environment</Filter>
    </ClInclude>
    <ClInclude Include="Pyramid.h">
      <Filter>GameScripts\Environment</Filter>
    </ClInclude>
    <ClInclude Include="Qube.h">
      <Filter>GameScripts\Environment</Filter>
    </ClInclude>
    <ClInclude Include="QBert.h">
      <Filter>GameScripts\Characters</Filter>
    </ClInclude>
    <ClInclude Include="Character.h">
      <Filter>GameScripts\Characters</Filter>
    </ClInclude>
    <ClInclude Include="Enemy.h">
      <Filter>GameScripts\Characters</Filter>
    </ClInclude>
    <ClInclude Include="Coily.h">
      <Filter>GameScripts\Characters</Filter>
    </ClInclude>
    <ClInclude Include="SlickSam.h">
      <Filter>GameScripts\Characters</Filter>
    </ClInclude>
    <ClInclude Include="Jumper.h">
      <Filter>GameScripts</Filter>
    </ClInclude>
    <ClInclude Include="EnemyManager.h">
      <Filter>GameScripts</Filter>
    </ClInclude>
    <ClInclude Include="WrongWay.h">
      <Filter>GameScripts\Characters</Filter>
    </ClInclude>
    <ClInclude Include="TestScene.h">
      <Filter>Scenes</Filter>
    </ClInclude>
    <ClInclude Include="WrongWayJumper.h">
      <Filter>GameScripts</Filter>
    </ClInclude>
    <ClInclude Include="MainMenuScene.h">
      <Filter>Scenes</Filter>
    </ClInclude>
    <ClInclude Include="CoopScene.h">
      <Filter>Scenes</Filter>
    </ClInclude>
    <ClInclude Include="SoloScene.h">
      <Filter>Scenes</Filter>
    </ClInclude>
    <ClInclude Include="GameManager.h">
      <Filter>Observers</Filter>
    </ClInclude>
    <ClInclude Include="PauseGameCommand.h">
      <Filter>Commands</Filter>
    </ClInclude>
    <ClInclude Include="VersusScene.h">
      <Filter>Scenes</Filter>
    </ClInclude>
    <ClInclude Include="EnemyCharacterController.h">
      <Filter>GameScripts\AIControllers</Filter>
    </ClInclude>
    <ClInclude Include="CoilyCharacterController.h">
      <Filter>GameScripts\AIControllers</Filter>
    </ClInclude>
    <ClInclude Include="VersusGameManager.h">
      <Filter>Observers</Filter>
    </ClInclude>
    <ClInclude Include="CharacterLives.h">
      <Filter>GameScripts</Filter>
    </ClInclude>
    <ClInclude Include="CharacterPoint.h">
      <Filter>GameScripts</Filter>
    </ClInclude>
    <ClInclude Include="CharacterInputManager.h">
      <Filter>GameScripts</Filter>
    </ClInclude>
  </ItemGroup>
  <ItemGroup>
    <None Include="imgui.ini" />
  </ItemGroup>
  <ItemGroup>
    <Filter Include="Scenes">
      <UniqueIdentifier>{9a549e60-3b03-4304-a10a-d5afc2e70f76}</UniqueIdentifier>
    </Filter>
    <Filter Include="Observers">
      <UniqueIdentifier>{701180cf-1e32-4f4e-8fb2-3dd275053292}</UniqueIdentifier>
    </Filter>
    <Filter Include="Commands">
      <UniqueIdentifier>{b951194b-7545-4512-81cc-fb1b0d4f0a95}</UniqueIdentifier>
    </Filter>
    <Filter Include="GameScripts">
      <UniqueIdentifier>{7e07bb5e-141e-4c21-9ce5-8eaa303c8c65}</UniqueIdentifier>
    </Filter>
    <Filter Include="GameScripts\Environment">
      <UniqueIdentifier>{f6a2b0ca-a904-4d57-848b-7599a588426c}</UniqueIdentifier>
    </Filter>
    <Filter Include="GameScripts\Characters">
      <UniqueIdentifier>{3cf96f01-a495-4865-aab3-854843a64230}</UniqueIdentifier>
    </Filter>
    <Filter Include="UI">
      <UniqueIdentifier>{5329969e-c0e9-4c4e-8d0d-b739ef9ede42}</UniqueIdentifier>
    </Filter>
    <Filter Include="GameScripts\AIControllers">
      <UniqueIdentifier>{cc14cbc8-d8c9-46ed-b121-99cb91d9b2f5}</UniqueIdentifier>
    </Filter>
  </ItemGroup>
</Project>